// !$*UTF8*$!
{
	archiveVersion = 1;
	classes = {
	};
	objectVersion = 56;
	objects = {

/* Begin PBXBuildFile section */
		AB2FDC612CB8013700DE73F9 /* FirstExampleApp.swift in Sources */ = {isa = PBXBuildFile; fileRef = AB2FDC602CB8013700DE73F9 /* FirstExampleApp.swift */; };
		AB2FDC632CB8013700DE73F9 /* FirstExampleView.swift in Sources */ = {isa = PBXBuildFile; fileRef = AB2FDC622CB8013700DE73F9 /* FirstExampleView.swift */; };
		AB2FDC652CB8013800DE73F9 /* Assets.xcassets in Resources */ = {isa = PBXBuildFile; fileRef = AB2FDC642CB8013800DE73F9 /* Assets.xcassets */; };
		AB2FDC682CB8013800DE73F9 /* Preview Assets.xcassets in Resources */ = {isa = PBXBuildFile; fileRef = AB2FDC672CB8013800DE73F9 /* Preview Assets.xcassets */; };
		AB2FDC712CB801D100DE73F9 /* PersonModel.swift in Sources */ = {isa = PBXBuildFile; fileRef = AB2FDC702CB801D100DE73F9 /* PersonModel.swift */; };
		AB2FDC732CB8076300DE73F9 /* FriendModel.swift in Sources */ = {isa = PBXBuildFile; fileRef = AB2FDC722CB8076300DE73F9 /* FriendModel.swift */; };
		AB2FDC752CB80A1E00DE73F9 /* MockData_Intro.swift in Sources */ = {isa = PBXBuildFile; fileRef = AB2FDC742CB80A1E00DE73F9 /* MockData_Intro.swift */; };
/* End PBXBuildFile section */

/* Begin PBXFileReference section */
		AB2FDC5D2CB8013700DE73F9 /* FirstExample.app */ = {isa = PBXFileReference; explicitFileType = wrapper.application; includeInIndex = 0; path = FirstExample.app; sourceTree = BUILT_PRODUCTS_DIR; };
		AB2FDC602CB8013700DE73F9 /* FirstExampleApp.swift */ = {isa = PBXFileReference; lastKnownFileType = sourcecode.swift; path = FirstExampleApp.swift; sourceTree = "<group>"; };
		AB2FDC622CB8013700DE73F9 /* FirstExampleView.swift */ = {isa = PBXFileReference; lastKnownFileType = sourcecode.swift; path = FirstExampleView.swift; sourceTree = "<group>"; };
		AB2FDC642CB8013800DE73F9 /* Assets.xcassets */ = {isa = PBXFileReference; lastKnownFileType = folder.assetcatalog; path = Assets.xcassets; sourceTree = "<group>"; };
		AB2FDC672CB8013800DE73F9 /* Preview Assets.xcassets */ = {isa = PBXFileReference; lastKnownFileType = folder.assetcatalog; path = "Preview Assets.xcassets"; sourceTree = "<group>"; };
		AB2FDC702CB801D100DE73F9 /* PersonModel.swift */ = {isa = PBXFileReference; lastKnownFileType = sourcecode.swift; path = PersonModel.swift; sourceTree = "<group>"; };
		AB2FDC722CB8076300DE73F9 /* FriendModel.swift */ = {isa = PBXFileReference; lastKnownFileType = sourcecode.swift; path = FriendModel.swift; sourceTree = "<group>"; };
		AB2FDC742CB80A1E00DE73F9 /* MockData_Intro.swift */ = {isa = PBXFileReference; lastKnownFileType = sourcecode.swift; path = MockData_Intro.swift; sourceTree = "<group>"; };
/* End PBXFileReference section */

/* Begin PBXFrameworksBuildPhase section */
		AB2FDC5A2CB8013700DE73F9 /* Frameworks */ = {
			isa = PBXFrameworksBuildPhase;
			buildActionMask = 2147483647;
			files = (
			);
			runOnlyForDeploymentPostprocessing = 0;
		};
/* End PBXFrameworksBuildPhase section */

/* Begin PBXGroup section */
		AB2FDC542CB8013700DE73F9 = {
			isa = PBXGroup;
			children = (
				AB2FDC5F2CB8013700DE73F9 /* FirstExample */,
				AB2FDC5E2CB8013700DE73F9 /* Products */,
			);
			sourceTree = "<group>";
		};
		AB2FDC5E2CB8013700DE73F9 /* Products */ = {
			isa = PBXGroup;
			children = (
				AB2FDC5D2CB8013700DE73F9 /* FirstExample.app */,
			);
			name = Products;
			sourceTree = "<group>";
		};
		AB2FDC5F2CB8013700DE73F9 /* FirstExample */ = {
			isa = PBXGroup;
			children = (
				AB2FDC6F2CB8018400DE73F9 /* Views */,
				AB2FDC6E2CB8017D00DE73F9 /* Models */,
				AB2FDC602CB8013700DE73F9 /* FirstExampleApp.swift */,
				AB2FDC642CB8013800DE73F9 /* Assets.xcassets */,
				AB2FDC662CB8013800DE73F9 /* Preview Content */,
			);
			path = FirstExample;
			sourceTree = "<group>";
		};
		AB2FDC662CB8013800DE73F9 /* Preview Content */ = {
			isa = PBXGroup;
			children = (
				AB2FDC672CB8013800DE73F9 /* Preview Assets.xcassets */,
			);
			path = "Preview Content";
			sourceTree = "<group>";
		};
		AB2FDC6E2CB8017D00DE73F9 /* Models */ = {
			isa = PBXGroup;
			children = (
				AB2FDC702CB801D100DE73F9 /* PersonModel.swift */,
				AB2FDC722CB8076300DE73F9 /* FriendModel.swift */,
			);
			path = Models;
			sourceTree = "<group>";
		};
		AB2FDC6F2CB8018400DE73F9 /* Views */ = {
			isa = PBXGroup;
			children = (
				AB2FDC622CB8013700DE73F9 /* FirstExampleView.swift */,
				AB2FDC742CB80A1E00DE73F9 /* MockData_Intro.swift */,
			);
			path = Views;
			sourceTree = "<group>";
		};
/* End PBXGroup section */

/* Begin PBXNativeTarget section */
		AB2FDC5C2CB8013700DE73F9 /* FirstExample */ = {
			isa = PBXNativeTarget;
			buildConfigurationList = AB2FDC6B2CB8013800DE73F9 /* Build configuration list for PBXNativeTarget "FirstExample" */;
			buildPhases = (
				AB2FDC592CB8013700DE73F9 /* Sources */,
				AB2FDC5A2CB8013700DE73F9 /* Frameworks */,
				AB2FDC5B2CB8013700DE73F9 /* Resources */,
			);
			buildRules = (
			);
			dependencies = (
			);
			name = FirstExample;
			productName = FirstExample;
			productReference = AB2FDC5D2CB8013700DE73F9 /* FirstExample.app */;
			productType = "com.apple.product-type.application";
		};
/* End PBXNativeTarget section */

/* Begin PBXProject section */
		AB2FDC552CB8013700DE73F9 /* Project object */ = {
			isa = PBXProject;
			attributes = {
				BuildIndependentTargetsInParallel = 1;
				LastSwiftUpdateCheck = 1540;
				LastUpgradeCheck = 1540;
				TargetAttributes = {
					AB2FDC5C2CB8013700DE73F9 = {
						CreatedOnToolsVersion = 15.4;
					};
				};
			};
			buildConfigurationList = AB2FDC582CB8013700DE73F9 /* Build configuration list for PBXProject "FirstExample" */;
			compatibilityVersion = "Xcode 14.0";
			developmentRegion = en;
			hasScannedForEncodings = 0;
			knownRegions = (
				en,
				Base,
			);
			mainGroup = AB2FDC542CB8013700DE73F9;
			productRefGroup = AB2FDC5E2CB8013700DE73F9 /* Products */;
			projectDirPath = "";
			projectRoot = "";
			targets = (
				AB2FDC5C2CB8013700DE73F9 /* FirstExample */,
			);
		};
/* End PBXProject section */

/* Begin PBXResourcesBuildPhase section */
		AB2FDC5B2CB8013700DE73F9 /* Resources */ = {
			isa = PBXResourcesBuildPhase;
			buildActionMask = 2147483647;
			files = (
				AB2FDC682CB8013800DE73F9 /* Preview Assets.xcassets in Resources */,
				AB2FDC652CB8013800DE73F9 /* Assets.xcassets in Resources */,
			);
			runOnlyForDeploymentPostprocessing = 0;
		};
/* End PBXResourcesBuildPhase section */

/* Begin PBXSourcesBuildPhase section */
		AB2FDC592CB8013700DE73F9 /* Sources */ = {
			isa = PBXSourcesBuildPhase;
			buildActionMask = 2147483647;
			files = (
				AB2FDC712CB801D100DE73F9 /* PersonModel.swift in Sources */,
				AB2FDC732CB8076300DE73F9 /* FriendModel.swift in Sources */,
				AB2FDC632CB8013700DE73F9 /* FirstExampleView.swift in Sources */,
				AB2FDC752CB80A1E00DE73F9 /* MockData_Intro.swift in Sources */,
				AB2FDC612CB8013700DE73F9 /* FirstExampleApp.swift in Sources */,
			);
			runOnlyForDeploymentPostprocessing = 0;
		};
/* End PBXSourcesBuildPhase section */

/* Begin XCBuildConfiguration section */
		AB2FDC692CB8013800DE73F9 /* Debug */ = {
			isa = XCBuildConfiguration;
			buildSettings = {
				ALWAYS_SEARCH_USER_PATHS = NO;
				ASSETCATALOG_COMPILER_GENERATE_SWIFT_ASSET_SYMBOL_EXTENSIONS = YES;
				CLANG_ANALYZER_NONNULL = YES;
				CLANG_ANALYZER_NUMBER_OBJECT_CONVERSION = YES_AGGRESSIVE;
				CLANG_CXX_LANGUAGE_STANDARD = "gnu++20";
				CLANG_ENABLE_MODULES = YES;
				CLANG_ENABLE_OBJC_ARC = YES;
				CLANG_ENABLE_OBJC_WEAK = YES;
				CLANG_WARN_BLOCK_CAPTURE_AUTORELEASING = YES;
				CLANG_WARN_BOOL_CONVERSION = YES;
				CLANG_WARN_COMMA = YES;
				CLANG_WARN_CONSTANT_CONVERSION = YES;
				CLANG_WARN_DEPRECATED_OBJC_IMPLEMENTATIONS = YES;
				CLANG_WARN_DIRECT_OBJC_ISA_USAGE = YES_ERROR;
				CLANG_WARN_DOCUMENTATION_COMMENTS = YES;
				CLANG_WARN_EMPTY_BODY = YES;
				CLANG_WARN_ENUM_CONVERSION = YES;
				CLANG_WARN_INFINITE_RECURSION = YES;
				CLANG_WARN_INT_CONVERSION = YES;
				CLANG_WARN_NON_LITERAL_NULL_CONVERSION = YES;
				CLANG_WARN_OBJC_IMPLICIT_RETAIN_SELF = YES;
				CLANG_WARN_OBJC_LITERAL_CONVERSION = YES;
				CLANG_WARN_OBJC_ROOT_CLASS = YES_ERROR;
				CLANG_WARN_QUOTED_INCLUDE_IN_FRAMEWORK_HEADER = YES;
				CLANG_WARN_RANGE_LOOP_ANALYSIS = YES;
				CLANG_WARN_STRICT_PROTOTYPES = YES;
				CLANG_WARN_SUSPICIOUS_MOVE = YES;
				CLANG_WARN_UNGUARDED_AVAILABILITY = YES_AGGRESSIVE;
				CLANG_WARN_UNREACHABLE_CODE = YES;
				CLANG_WARN__DUPLICATE_METHOD_MATCH = YES;
				COPY_PHASE_STRIP = NO;
				DEBUG_INFORMATION_FORMAT = dwarf;
				ENABLE_STRICT_OBJC_MSGSEND = YES;
				ENABLE_TESTABILITY = YES;
				ENABLE_USER_SCRIPT_SANDBOXING = YES;
				GCC_C_LANGUAGE_STANDARD = gnu17;
				GCC_DYNAMIC_NO_PIC = NO;
				GCC_NO_COMMON_BLOCKS = YES;
				GCC_OPTIMIZATION_LEVEL = 0;
				GCC_PREPROCESSOR_DEFINITIONS = (
					"DEBUG=1",
					"$(inherited)",
				);
				GCC_WARN_64_TO_32_BIT_CONVERSION = YES;
				GCC_WARN_ABOUT_RETURN_TYPE = YES_ERROR;
				GCC_WARN_UNDECLARED_SELECTOR = YES;
				GCC_WARN_UNINITIALIZED_AUTOS = YES_AGGRESSIVE;
				GCC_WARN_UNUSED_FUNCTION = YES;
				GCC_WARN_UNUSED_VARIABLE = YES;
				IPHONEOS_DEPLOYMENT_TARGET = 17.5;
				LOCALIZATION_PREFERS_STRING_CATALOGS = YES;
				MTL_ENABLE_DEBUG_INFO = INCLUDE_SOURCE;
				MTL_FAST_MATH = YES;
				ONLY_ACTIVE_ARCH = YES;
				SDKROOT = iphoneos;
				SWIFT_ACTIVE_COMPILATION_CONDITIONS = "DEBUG $(inherited)";
				SWIFT_OPTIMIZATION_LEVEL = "-Onone";
			};
			name = Debug;
		};
		AB2FDC6A2CB8013800DE73F9 /* Release */ = {
			isa = XCBuildConfiguration;
			buildSettings = {
				ALWAYS_SEARCH_USER_PATHS = NO;
				ASSETCATALOG_COMPILER_GENERATE_SWIFT_ASSET_SYMBOL_EXTENSIONS = YES;
				CLANG_ANALYZER_NONNULL = YES;
				CLANG_ANALYZER_NUMBER_OBJECT_CONVERSION = YES_AGGRESSIVE;
				CLANG_CXX_LANGUAGE_STANDARD = "gnu++20";
				CLANG_ENABLE_MODULES = YES;
				CLANG_ENABLE_OBJC_ARC = YES;
				CLANG_ENABLE_OBJC_WEAK = YES;
				CLANG_WARN_BLOCK_CAPTURE_AUTORELEASING = YES;
				CLANG_WARN_BOOL_CONVERSION = YES;
				CLANG_WARN_COMMA = YES;
				CLANG_WARN_CONSTANT_CONVERSION = YES;
				CLANG_WARN_DEPRECATED_OBJC_IMPLEMENTATIONS = YES;
				CLANG_WARN_DIRECT_OBJC_ISA_USAGE = YES_ERROR;
				CLANG_WARN_DOCUMENTATION_COMMENTS = YES;
				CLANG_WARN_EMPTY_BODY = YES;
				CLANG_WARN_ENUM_CONVERSION = YES;
				CLANG_WARN_INFINITE_RECURSION = YES;
				CLANG_WARN_INT_CONVERSION = YES;
				CLANG_WARN_NON_LITERAL_NULL_CONVERSION = YES;
				CLANG_WARN_OBJC_IMPLICIT_RETAIN_SELF = YES;
				CLANG_WARN_OBJC_LITERAL_CONVERSION = YES;
				CLANG_WARN_OBJC_ROOT_CLASS = YES_ERROR;
				CLANG_WARN_QUOTED_INCLUDE_IN_FRAMEWORK_HEADER = YES;
				CLANG_WARN_RANGE_LOOP_ANALYSIS = YES;
				CLANG_WARN_STRICT_PROTOTYPES = YES;
				CLANG_WARN_SUSPICIOUS_MOVE = YES;
				CLANG_WARN_UNGUARDED_AVAILABILITY = YES_AGGRESSIVE;
				CLANG_WARN_UNREACHABLE_CODE = YES;
				CLANG_WARN__DUPLICATE_METHOD_MATCH = YES;
				COPY_PHASE_STRIP = NO;
				DEBUG_INFORMATION_FORMAT = "dwarf-with-dsym";
				ENABLE_NS_ASSERTIONS = NO;
				ENABLE_STRICT_OBJC_MSGSEND = YES;
				ENABLE_USER_SCRIPT_SANDBOXING = YES;
				GCC_C_LANGUAGE_STANDARD = gnu17;
				GCC_NO_COMMON_BLOCKS = YES;
				GCC_WARN_64_TO_32_BIT_CONVERSION = YES;
				GCC_WARN_ABOUT_RETURN_TYPE = YES_ERROR;
				GCC_WARN_UNDECLARED_SELECTOR = YES;
				GCC_WARN_UNINITIALIZED_AUTOS = YES_AGGRESSIVE;
				GCC_WARN_UNUSED_FUNCTION = YES;
				GCC_WARN_UNUSED_VARIABLE = YES;
				IPHONEOS_DEPLOYMENT_TARGET = 17.5;
				LOCALIZATION_PREFERS_STRING_CATALOGS = YES;
				MTL_ENABLE_DEBUG_INFO = NO;
				MTL_FAST_MATH = YES;
				SDKROOT = iphoneos;
				SWIFT_COMPILATION_MODE = wholemodule;
				VALIDATE_PRODUCT = YES;
			};
			name = Release;
		};
		AB2FDC6C2CB8013800DE73F9 /* Debug */ = {
			isa = XCBuildConfiguration;
			buildSettings = {
				ASSETCATALOG_COMPILER_APPICON_NAME = AppIcon;
				ASSETCATALOG_COMPILER_GLOBAL_ACCENT_COLOR_NAME = AccentColor;
				CODE_SIGN_STYLE = Automatic;
				CURRENT_PROJECT_VERSION = 1;
				DEVELOPMENT_ASSET_PATHS = "\"FirstExample/Preview Content\"";
				DEVELOPMENT_TEAM = HN9RYRSS6A;
				ENABLE_PREVIEWS = YES;
				GENERATE_INFOPLIST_FILE = YES;
				INFOPLIST_KEY_UIApplicationSceneManifest_Generation = YES;
				INFOPLIST_KEY_UIApplicationSupportsIndirectInputEvents = YES;
				INFOPLIST_KEY_UILaunchScreen_Generation = YES;
				INFOPLIST_KEY_UISupportedInterfaceOrientations_iPad = "UIInterfaceOrientationPortrait UIInterfaceOrientationPortraitUpsideDown UIInterfaceOrientationLandscapeLeft UIInterfaceOrientationLandscapeRight";
				INFOPLIST_KEY_UISupportedInterfaceOrientations_iPhone = "UIInterfaceOrientationPortrait UIInterfaceOrientationLandscapeLeft UIInterfaceOrientationLandscapeRight";
				LD_RUNPATH_SEARCH_PATHS = (
					"$(inherited)",
					"@executable_path/Frameworks",
				);
				MARKETING_VERSION = 1.0;
				PRODUCT_BUNDLE_IDENTIFIER = net.basictechs.FirstExample;
				PRODUCT_NAME = "$(TARGET_NAME)";
				SWIFT_EMIT_LOC_STRINGS = YES;
				SWIFT_VERSION = 5.0;
				TARGETED_DEVICE_FAMILY = "1,2";
			};
			name = Debug;
		};
		AB2FDC6D2CB8013800DE73F9 /* Release */ = {
			isa = XCBuildConfiguration;
			buildSettings = {
				ASSETCATALOG_COMPILER_APPICON_NAME = AppIcon;
				ASSETCATALOG_COMPILER_GLOBAL_ACCENT_COLOR_NAME = AccentColor;
				CODE_SIGN_STYLE = Automatic;
				CURRENT_PROJECT_VERSION = 1;
				DEVELOPMENT_ASSET_PATHS = "\"FirstExample/Preview Content\"";
				DEVELOPMENT_TEAM = HN9RYRSS6A;
				ENABLE_PREVIEWS = YES;
				GENERATE_INFOPLIST_FILE = YES;
				INFOPLIST_KEY_UIApplicationSceneManifest_Generation = YES;
				INFOPLIST_KEY_UIApplicationSupportsIndirectInputEvents = YES;
				INFOPLIST_KEY_UILaunchScreen_Generation = YES;
				INFOPLIST_KEY_UISupportedInterfaceOrientations_iPad = "UIInterfaceOrientationPortrait UIInterfaceOrientationPortraitUpsideDown UIInterfaceOrientationLandscapeLeft UIInterfaceOrientationLandscapeRight";
				INFOPLIST_KEY_UISupportedInterfaceOrientations_iPhone = "UIInterfaceOrientationPortrait UIInterfaceOrientationLandscapeLeft UIInterfaceOrientationLandscapeRight";
				LD_RUNPATH_SEARCH_PATHS = (
					"$(inherited)",
					"@executable_path/Frameworks",
				);
				MARKETING_VERSION = 1.0;
				PRODUCT_BUNDLE_IDENTIFIER = net.basictechs.FirstExample;
				PRODUCT_NAME = "$(TARGET_NAME)";
				SWIFT_EMIT_LOC_STRINGS = YES;
				SWIFT_VERSION = 5.0;
				TARGETED_DEVICE_FAMILY = "1,2";
			};
			name = Release;
		};
/* End XCBuildConfiguration section */

/* Begin XCConfigurationList section */
		AB2FDC582CB8013700DE73F9 /* Build configuration list for PBXProject "FirstExample" */ = {
			isa = XCConfigurationList;
			buildConfigurations = (
				AB2FDC692CB8013800DE73F9 /* Debug */,
				AB2FDC6A2CB8013800DE73F9 /* Release */,
			);
			defaultConfigurationIsVisible = 0;
			defaultConfigurationName = Release;
		};
		AB2FDC6B2CB8013800DE73F9 /* Build configuration list for PBXNativeTarget "FirstExample" */ = {
			isa = XCConfigurationList;
			buildConfigurations = (
				AB2FDC6C2CB8013800DE73F9 /* Debug */,
				AB2FDC6D2CB8013800DE73F9 /* Release */,
			);
			defaultConfigurationIsVisible = 0;
			defaultConfigurationName = Release;
		};
/* End XCConfigurationList section */
	};
	rootObject = AB2FDC552CB8013700DE73F9 /* Project object */;
}
